{
  "nodes": {
    "SDL-win32": {
      "inputs": {
        "SDL_src": "SDL_src",
        "nixpkgs": [
          "nixpkgs"
        ],
        "tinycmmc": [
          "tinycmmc"
        ]
      },
      "locked": {
        "lastModified": 1716729328,
        "narHash": "sha256-2rhsui/qDLq5SDdCZqg+0y2xjMAOXgCYGmMV2n7IF3Q=",
        "owner": "grumnix",
        "repo": "SDL-win32",
        "rev": "874b689751561fa2ebc7959935bd24a0daf85a3b",
        "type": "github"
      },
      "original": {
        "owner": "grumnix",
        "repo": "SDL-win32",
        "type": "github"
      }
    },
    "SDL_image-win32": {
      "inputs": {
        "SDL-win32": [
          "SDL-win32"
        ],
        "SDL_image_src": "SDL_image_src",
        "nixpkgs": [
          "nixpkgs"
        ],
        "tinycmmc": [
          "tinycmmc"
        ]
      },
      "locked": {
        "lastModified": 1716834232,
        "narHash": "sha256-gBZTFkNtjB9o5uxKWAUXzwewrkWzZARIkc4e4m43Ug8=",
        "owner": "grumnix",
        "repo": "SDL_image-win32",
        "rev": "43249b3268cfdf1a3b265d531c1582e26de873f8",
        "type": "github"
      },
      "original": {
        "owner": "grumnix",
        "repo": "SDL_image-win32",
        "type": "github"
      }
    },
    "SDL_image_src": {
      "flake": false,
      "locked": {
        "lastModified": 1327109721,
        "narHash": "sha256-ZAw0GZTkyfhwL8x0/zBjDAn3s/sh+0G9t3lYQApHoEQ=",
        "type": "tarball",
        "url": "https://github.com/libsdl-org/SDL_image/archive/refs/tags/release-1.2.12.tar.gz"
      },
      "original": {
        "type": "tarball",
        "url": "https://github.com/libsdl-org/SDL_image/archive/refs/tags/release-1.2.12.tar.gz"
      }
    },
    "SDL_mixer-win32": {
      "inputs": {
        "SDL-win32": [
          "SDL-win32"
        ],
        "SDL_mixer_src": "SDL_mixer_src",
        "libmikmod-win32": "libmikmod-win32",
        "libogg-win32": "libogg-win32",
        "libvorbis-win32": "libvorbis-win32",
        "nixpkgs": [
          "nixpkgs"
        ],
        "tinycmmc": [
          "tinycmmc"
        ]
      },
      "locked": {
        "lastModified": 1764251921,
        "narHash": "sha256-1sq2RfV7L1r90NAf7GzNDpCtkjUfVmYPwUM2LJdEq5U=",
        "owner": "grumnix",
        "repo": "SDL_mixer-win32",
        "rev": "13b1be9ace72742e72adb2be83d922f54eb0caae",
        "type": "github"
      },
      "original": {
        "owner": "grumnix",
        "repo": "SDL_mixer-win32",
        "type": "github"
      }
    },
    "SDL_mixer_src": {
      "flake": false,
      "locked": {
        "lastModified": 1757525120,
        "narHash": "sha256-Gpuzzkxtfilvd2gqRxqZMIZHJgsRPd5AP61Cn8yHTe8=",
        "owner": "libsdl-org",
        "repo": "SDL_mixer",
        "rev": "cc4724049377d82f4f1645df15e30e641f277358",
        "type": "github"
      },
      "original": {
        "owner": "libsdl-org",
        "ref": "SDL-1.2",
        "repo": "SDL_mixer",
        "type": "github"
      }
    },
    "SDL_src": {
      "flake": false,
      "locked": {
        "lastModified": 1326954629,
        "narHash": "sha256-0tffZEi/OVCkHvSrfVZRnK+qpWqq9m1+1QQz9itkVNM=",
        "type": "tarball",
        "url": "https://www.libsdl.org/release/SDL-1.2.15.tar.gz"
      },
      "original": {
        "type": "tarball",
        "url": "https://www.libsdl.org/release/SDL-1.2.15.tar.gz"
      }
    },
    "flake-utils": {
      "inputs": {
        "systems": "systems"
      },
      "locked": {
        "lastModified": 1731533236,
        "narHash": "sha256-l0KFg5HjrsfsO/JpG+r7fRrqm12kzFHyUHqHCVpMMbI=",
        "owner": "numtide",
        "repo": "flake-utils",
        "rev": "11707dc2f618dd54ca8739b309ec4fc024de578b",
        "type": "github"
      },
      "original": {
        "owner": "numtide",
        "repo": "flake-utils",
        "type": "github"
      }
    },
    "libmikmod-win32": {
      "inputs": {
        "nixpkgs": [
          "SDL_mixer-win32",
          "nixpkgs"
        ],
        "tinycmmc": [
          "SDL_mixer-win32",
          "tinycmmc"
        ]
      },
      "locked": {
        "lastModified": 1763584929,
        "narHash": "sha256-K8GpBConQA6wfnfuzU+0B3fbjp3uVZE0WzADQNOTr7A=",
        "owner": "grumnix",
        "repo": "libmikmod-win32",
        "rev": "ffe78a03e9a0afff54903c155608c6f352d9c487",
        "type": "github"
      },
      "original": {
        "owner": "grumnix",
        "repo": "libmikmod-win32",
        "type": "github"
      }
    },
    "libogg-win32": {
      "inputs": {
        "libogg_src": "libogg_src",
        "nixpkgs": [
          "SDL_mixer-win32",
          "nixpkgs"
        ],
        "tinycmmc": [
          "SDL_mixer-win32",
          "tinycmmc"
        ]
      },
      "locked": {
        "lastModified": 1764251829,
        "narHash": "sha256-CUq+HLy257tgKo9URjnjgCS1HyIQpPetU06gFr/1fQA=",
        "owner": "grumnix",
        "repo": "libogg-win32",
        "rev": "a05787b0ad8f878cd44008fd0c4c99cb149c0066",
        "type": "github"
      },
      "original": {
        "owner": "grumnix",
        "repo": "libogg-win32",
        "type": "github"
      }
    },
    "libogg_src": {
      "flake": false,
      "locked": {
        "lastModified": 1622776890,
        "narHash": "sha256-L8hFWoCh2VTdlsOq+cbP1eYAnciH70xlk1eSwr8YP5c=",
        "type": "tarball",
        "url": "https://downloads.xiph.org/releases/ogg/libogg-1.3.5.tar.gz"
      },
      "original": {
        "type": "tarball",
        "url": "https://downloads.xiph.org/releases/ogg/libogg-1.3.5.tar.gz"
      }
    },
    "libvorbis-win32": {
      "inputs": {
        "libogg": [
          "SDL_mixer-win32",
          "libogg-win32"
        ],
        "libvorbis_src": "libvorbis_src",
        "nixpkgs": [
          "SDL_mixer-win32",
          "nixpkgs"
        ],
        "tinycmmc": [
          "SDL_mixer-win32",
          "tinycmmc"
        ]
      },
      "locked": {
        "lastModified": 1764251884,
        "narHash": "sha256-3jO1DR02WbHEtv6r809E/UvUFou2uXkT/8hkqmhK2Y4=",
        "owner": "grumnix",
        "repo": "libvorbis-win32",
        "rev": "d698e14ec3fce00f85c111f74ad783bbda813a72",
        "type": "github"
      },
      "original": {
        "owner": "grumnix",
        "repo": "libvorbis-win32",
        "type": "github"
      }
    },
    "libvorbis_src": {
      "flake": false,
      "locked": {
        "lastModified": 1593843770,
        "narHash": "sha256-xXty8sK0hmJX7jQu5+CDBslNVQ0+dZaUrbp/12xVmy0=",
        "type": "tarball",
        "url": "https://downloads.xiph.org/releases/vorbis/libvorbis-1.3.7.tar.xz"
      },
      "original": {
        "type": "tarball",
        "url": "https://downloads.xiph.org/releases/vorbis/libvorbis-1.3.7.tar.xz"
      }
    },
    "nixpkgs": {
      "locked": {
        "lastModified": 1785318670,
        "narHash": "sha256-dN6Ou5x/+23FZLEpYP3IffO+NyJFzUlGumt1uu3MMaY=",
        "owner": "NixOS",
        "repo": "nixpkgs",
        "rev": "0954f7ee2f6bb3dc7d4e3d0d8bcb8fd4bde4cfc5",
        "type": "github"
      },
      "original": {
        "owner": "NixOS",
        "ref": "nixos-unstable",
        "repo": "nixpkgs",
        "type": "github"
      }
    },
    "root": {
      "inputs": {
        "SDL-win32": "SDL-win32",
        "SDL_image-win32": "SDL_image-win32",
        "SDL_mixer-win32": "SDL_mixer-win32",
        "nixpkgs": "nixpkgs",
        "tinycmmc": "tinycmmc"
      }
    },
    "systems": {
      "locked": {
        "lastModified": 1681028828,
        "narHash": "sha256-Vy1rq5AaRuLzOxct8nz4T6wlgyUR7zLU309k9mBC768=",
        "owner": "nix-systems",
        "repo": "default",
        "rev": "da67096a3b9bf56a91d16901293e51ba5b49a27e",
        "type": "github"
      },
      "original": {
        "owner": "nix-systems",
        "repo": "default",
        "type": "github"
      }
    },
    "tinycmmc": {
      "inputs": {
        "flake-utils": "flake-utils",
        "nixpkgs": [
          "nixpkgs"
        ]
      },
      "locked": {
        "lastModified": 1783197069,
        "narHash": "sha256-NI2pxYz9w+4yZrwOVr8g0a4B8iFAmrWCsrjlHZEfskE=",
        "owner": "grumbel",
        "repo": "tinycmmc",
        "rev": "d7549879e3232909e124f25d33a33ce7dff153b6",
        "type": "github"
      },
      "original": {
        "owner": "grumbel",
        "repo": "tinycmmc",
        "type": "github"
      }
    }
  },
  "root": "root",
  "version": 7
}
