{
  "nodes": {
    "SDL-win32": {
      "inputs": {
        "SDL_src": "SDL_src",
        "nixpkgs": [
          "nixpkgs"
        ],
        "tinycmmc": [
          "tinycmmc"
        ]
      },
      "locked": {
        "lastModified": 1716729328,
        "narHash": "sha256-2rhsui/qDLq5SDdCZqg+0y2xjMAOXgCYGmMV2n7IF3Q=",
        "owner": "grumnix",
        "repo": "SDL-win32",
        "rev": "874b689751561fa2ebc7959935bd24a0daf85a3b",
        "type": "github"
      },
      "original": {
        "owner": "grumnix",
        "repo": "SDL-win32",
        "type": "github"
      }
    },
    "SDL_image-win32": {
      "inputs": {
        "SDL-win32": [
          "SDL-win32"
        ],
        "SDL_image_src": "SDL_image_src",
        "nixpkgs": [
          "nixpkgs"
        ],
        "tinycmmc": [
          "tinycmmc"
        ]
      },
      "locked": {
        "lastModified": 1716834232,
        "narHash": "sha256-gBZTFkNtjB9o5uxKWAUXzwewrkWzZARIkc4e4m43Ug8=",
        "owner": "grumnix",
        "repo": "SDL_image-win32",
        "rev": "43249b3268cfdf1a3b265d531c1582e26de873f8",
        "type": "github"
      },
      "original": {
        "owner": "grumnix",
        "repo": "SDL_image-win32",
        "type": "github"
      }
    },
    "SDL_image_src": {
      "flake": false,
      "locked": {
        "lastModified": 1327109721,
        "narHash": "sha256-ZAw0GZTkyfhwL8x0/zBjDAn3s/sh+0G9t3lYQApHoEQ=",
        "type": "tarball",
        "url": "https://github.com/libsdl-org/SDL_image/archive/refs/tags/release-1.2.12.tar.gz"
      },
      "original": {
        "type": "tarball",
        "url": "https://github.com/libsdl-org/SDL_image/archive/refs/tags/release-1.2.12.tar.gz"
      }
    },
    "SDL_mixer-win32": {
      "inputs": {
        "SDL-win32": [
          "SDL-win32"
        ],
        "SDL_mixer_src": "SDL_mixer_src",
        "libmikmod-win32": "libmikmod-win32",
        "libogg-win32": "libogg-win32",
        "libvorbis-win32": "libvorbis-win32",
        "nixpkgs": [
          "nixpkgs"
        ],
        "tinycmmc": [
          "tinycmmc"
        ]
      },
      "locked": {
        "lastModified": 1716834232,
        "narHash": "sha256-3Ci6yxY+Yr7yr7ePdDtkDkAcgvr/SdYMHZ1AgxFtcpI=",
        "owner": "grumnix",
        "repo": "SDL_mixer-win32",
        "rev": "9041c274062f82e652cf92b8bf0cd94794c45d76",
        "type": "github"
      },
      "original": {
        "owner": "grumnix",
        "repo": "SDL_mixer-win32",
        "type": "github"
      }
    },
    "SDL_mixer_src": {
      "flake": false,
      "locked": {
        "lastModified": 1326664828,
        "narHash": "sha256-3e1DCX0S5VmVFs0eMcbN0O0zKbi3VJJ/7LGvEpQhgGc=",
        "type": "tarball",
        "url": "https://github.com/libsdl-org/SDL_mixer/archive/refs/tags/release-1.2.12.tar.gz"
      },
      "original": {
        "type": "tarball",
        "url": "https://github.com/libsdl-org/SDL_mixer/archive/refs/tags/release-1.2.12.tar.gz"
      }
    },
    "SDL_src": {
      "flake": false,
      "locked": {
        "lastModified": 1326954629,
        "narHash": "sha256-0tffZEi/OVCkHvSrfVZRnK+qpWqq9m1+1QQz9itkVNM=",
        "type": "tarball",
        "url": "https://www.libsdl.org/release/SDL-1.2.15.tar.gz"
      },
      "original": {
        "type": "tarball",
        "url": "https://www.libsdl.org/release/SDL-1.2.15.tar.gz"
      }
    },
    "flake-utils": {
      "inputs": {
        "systems": "systems"
      },
      "locked": {
        "lastModified": 1731533236,
        "narHash": "sha256-l0KFg5HjrsfsO/JpG+r7fRrqm12kzFHyUHqHCVpMMbI=",
        "owner": "numtide",
        "repo": "flake-utils",
        "rev": "11707dc2f618dd54ca8739b309ec4fc024de578b",
        "type": "github"
      },
      "original": {
        "owner": "numtide",
        "repo": "flake-utils",
        "type": "github"
      }
    },
    "libmikmod-win32": {
      "inputs": {
        "nixpkgs": [
          "SDL_mixer-win32",
          "nixpkgs"
        ],
        "tinycmmc": [
          "SDL_mixer-win32",
          "tinycmmc"
        ]
      },
      "locked": {
        "lastModified": 1712097214,
        "narHash": "sha256-b48gR4s1nHCJYAiP1MgSJ7V8yNfk7ZrLVkay9QqYcAg=",
        "owner": "grumnix",
        "repo": "libmikmod-win32",
        "rev": "8baa2217a7f1c48a19e72f519be5842a8a132582",
        "type": "github"
      },
      "original": {
        "owner": "grumnix",
        "repo": "libmikmod-win32",
        "type": "github"
      }
    },
    "libogg-win32": {
      "inputs": {
        "libogg_src": "libogg_src",
        "nixpkgs": [
          "SDL_mixer-win32",
          "nixpkgs"
        ],
        "tinycmmc": [
          "SDL_mixer-win32",
          "tinycmmc"
        ]
      },
      "locked": {
        "lastModified": 1712097214,
        "narHash": "sha256-HulmNbgQfUNZ2t9O4cOFoV6F2+32/yu1bVUTOGnS8KI=",
        "owner": "grumnix",
        "repo": "libogg-win32",
        "rev": "e70c934408e1ab5807319d7c4b01c53cd125cc52",
        "type": "github"
      },
      "original": {
        "owner": "grumnix",
        "repo": "libogg-win32",
        "type": "github"
      }
    },
    "libogg_src": {
      "flake": false,
      "locked": {
        "lastModified": 1622776889,
        "narHash": "sha256-L8hFWoCh2VTdlsOq+cbP1eYAnciH70xlk1eSwr8YP5c=",
        "type": "tarball",
        "url": "https://downloads.xiph.org/releases/ogg/libogg-1.3.5.tar.gz"
      },
      "original": {
        "type": "tarball",
        "url": "https://downloads.xiph.org/releases/ogg/libogg-1.3.5.tar.gz"
      }
    },
    "libvorbis-win32": {
      "inputs": {
        "libogg": [
          "SDL_mixer-win32",
          "libogg-win32"
        ],
        "libvorbis_src": "libvorbis_src",
        "nixpkgs": [
          "SDL_mixer-win32",
          "nixpkgs"
        ],
        "tinycmmc": [
          "SDL_mixer-win32",
          "tinycmmc"
        ]
      },
      "locked": {
        "lastModified": 1712097405,
        "narHash": "sha256-TZdtYh2HUHaczKRkbfq4EOaGLTG7fOk7JOy7K1vZqMo=",
        "owner": "grumnix",
        "repo": "libvorbis-win32",
        "rev": "44265a9a7cf3dd811b826eede62653ed211b69de",
        "type": "github"
      },
      "original": {
        "owner": "grumnix",
        "repo": "libvorbis-win32",
        "type": "github"
      }
    },
    "libvorbis_src": {
      "flake": false,
      "locked": {
        "lastModified": 1593843770,
        "narHash": "sha256-xXty8sK0hmJX7jQu5+CDBslNVQ0+dZaUrbp/12xVmy0=",
        "type": "tarball",
        "url": "https://downloads.xiph.org/releases/vorbis/libvorbis-1.3.7.tar.xz"
      },
      "original": {
        "type": "tarball",
        "url": "https://downloads.xiph.org/releases/vorbis/libvorbis-1.3.7.tar.xz"
      }
    },
    "nixpkgs": {
      "locked": {
        "lastModified": 1762977756,
        "narHash": "sha256-4PqRErxfe+2toFJFgcRKZ0UI9NSIOJa+7RXVtBhy4KE=",
        "owner": "NixOS",
        "repo": "nixpkgs",
        "rev": "c5ae371f1a6a7fd27823bc500d9390b38c05fa55",
        "type": "github"
      },
      "original": {
        "owner": "NixOS",
        "ref": "nixos-unstable",
        "repo": "nixpkgs",
        "type": "github"
      }
    },
    "root": {
      "inputs": {
        "SDL-win32": "SDL-win32",
        "SDL_image-win32": "SDL_image-win32",
        "SDL_mixer-win32": "SDL_mixer-win32",
        "nixpkgs": "nixpkgs",
        "tinycmmc": "tinycmmc"
      }
    },
    "systems": {
      "locked": {
        "lastModified": 1681028828,
        "narHash": "sha256-Vy1rq5AaRuLzOxct8nz4T6wlgyUR7zLU309k9mBC768=",
        "owner": "nix-systems",
        "repo": "default",
        "rev": "da67096a3b9bf56a91d16901293e51ba5b49a27e",
        "type": "github"
      },
      "original": {
        "owner": "nix-systems",
        "repo": "default",
        "type": "github"
      }
    },
    "tinycmmc": {
      "inputs": {
        "flake-utils": "flake-utils",
        "nixpkgs": [
          "nixpkgs"
        ]
      },
      "locked": {
        "lastModified": 1763256011,
        "narHash": "sha256-CpQWAHdeLUYd28cT9heG05p6RX9WF7QslqNHoBi931E=",
        "owner": "grumbel",
        "repo": "tinycmmc",
        "rev": "2e007ba059a4991c011a7193c9d7df28826c9adc",
        "type": "github"
      },
      "original": {
        "owner": "grumbel",
        "repo": "tinycmmc",
        "type": "github"
      }
    }
  },
  "root": "root",
  "version": 7
}
